// !$*UTF8*$!
{
	archiveVersion = 1;
	classes = {
	};
	objectVersion = 50;
	objects = {

/* Begin PBXBuildFile section */
		7F8D15F326971C360034594A /* AppDelegate.swift in Sources */ = {isa = PBXBuildFile; fileRef = 7F8D15F226971C360034594A /* AppDelegate.swift */; };
		7F8D15F526971C360034594A /* SceneDelegate.swift in Sources */ = {isa = PBXBuildFile; fileRef = 7F8D15F426971C360034594A /* SceneDelegate.swift */; };
		7F8D15F726971C360034594A /* ViewController.swift in Sources */ = {isa = PBXBuildFile; fileRef = 7F8D15F626971C360034594A /* ViewController.swift */; };
		7F8D15FA26971C360034594A /* Main.storyboard in Resources */ = {isa = PBXBuildFile; fileRef = 7F8D15F826971C360034594A /* Main.storyboard */; };
		7F8D15FC26971C370034594A /* Assets.xcassets in Resources */ = {isa = PBXBuildFile; fileRef = 7F8D15FB26971C370034594A /* Assets.xcassets */; };
		7F8D15FF26971C370034594A /* LaunchScreen.storyboard in Resources */ = {isa = PBXBuildFile; fileRef = 7F8D15FD26971C370034594A /* LaunchScreen.storyboard */; };
		7F8D160A26971C370034594A /* testUIStackViewShadowTests.swift in Sources */ = {isa = PBXBuildFile; fileRef = 7F8D160926971C370034594A /* testUIStackViewShadowTests.swift */; };
		7F8D161526971C370034594A /* testUIStackViewShadowUITests.swift in Sources */ = {isa = PBXBuildFile; fileRef = 7F8D161426971C370034594A /* testUIStackViewShadowUITests.swift */; };
/* End PBXBuildFile section */

/* Begin PBXContainerItemProxy section */
		7F8D160626971C370034594A /* PBXContainerItemProxy */ = {
			isa = PBXContainerItemProxy;
			containerPortal = 7F8D15E726971C360034594A /* Project object */;
			proxyType = 1;
			remoteGlobalIDString = 7F8D15EE26971C360034594A;
			remoteInfo = testUIStackViewShadow;
		};
		7F8D161126971C370034594A /* PBXContainerItemProxy */ = {
			isa = PBXContainerItemProxy;
			containerPortal = 7F8D15E726971C360034594A /* Project object */;
			proxyType = 1;
			remoteGlobalIDString = 7F8D15EE26971C360034594A;
			remoteInfo = testUIStackViewShadow;
		};
/* End PBXContainerItemProxy section */

/* Begin PBXFileReference section */
		7F8D15EF26971C360034594A /* testUIStackViewShadow.app */ = {isa = PBXFileReference; explicitFileType = wrapper.application; includeInIndex = 0; path = testUIStackViewShadow.app; sourceTree = BUILT_PRODUCTS_DIR; };
		7F8D15F226971C360034594A /* AppDelegate.swift */ = {isa = PBXFileReference; lastKnownFileType = sourcecode.swift; path = AppDelegate.swift; sourceTree = "<group>"; };
		7F8D15F426971C360034594A /* SceneDelegate.swift */ = {isa = PBXFileReference; lastKnownFileType = sourcecode.swift; path = SceneDelegate.swift; sourceTree = "<group>"; };
		7F8D15F626971C360034594A /* ViewController.swift */ = {isa = PBXFileReference; lastKnownFileType = sourcecode.swift; path = ViewController.swift; sourceTree = "<group>"; };
		7F8D15F926971C360034594A /* Base */ = {isa = PBXFileReference; lastKnownFileType = file.storyboard; name = Base; path = Base.lproj/Main.storyboard; sourceTree = "<group>"; };
		7F8D15FB26971C370034594A /* Assets.xcassets */ = {isa = PBXFileReference; lastKnownFileType = folder.assetcatalog; path = Assets.xcassets; sourceTree = "<group>"; };
		7F8D15FE26971C370034594A /* Base */ = {isa = PBXFileReference; lastKnownFileType = file.storyboard; name = Base; path = Base.lproj/LaunchScreen.storyboard; sourceTree = "<group>"; };
		7F8D160026971C370034594A /* Info.plist */ = {isa = PBXFileReference; lastKnownFileType = text.plist.xml; path = Info.plist; sourceTree = "<group>"; };
		7F8D160526971C370034594A /* testUIStackViewShadowTests.xctest */ = {isa = PBXFileReference; explicitFileType = wrapper.cfbundle; includeInIndex = 0; path = testUIStackViewShadowTests.xctest; sourceTree = BUILT_PRODUCTS_DIR; };
		7F8D160926971C370034594A /* testUIStackViewShadowTests.swift */ = {isa = PBXFileReference; lastKnownFileType = sourcecode.swift; path = testUIStackViewShadowTests.swift; sourceTree = "<group>"; };
		7F8D160B26971C370034594A /* Info.plist */ = {isa = PBXFileReference; lastKnownFileType = text.plist.xml; path = Info.plist; sourceTree = "<group>"; };
		7F8D161026971C370034594A /* testUIStackViewShadowUITests.xctest */ = {isa = PBXFileReference; explicitFileType = wrapper.cfbundle; includeInIndex = 0; path = testUIStackViewShadowUITests.xctest; sourceTree = BUILT_PRODUCTS_DIR; };
		7F8D161426971C370034594A /* testUIStackViewShadowUITests.swift */ = {isa = PBXFileReference; lastKnownFileType = sourcecode.swift; path = testUIStackViewShadowUITests.swift; sourceTree = "<group>"; };
		7F8D161626971C370034594A /* Info.plist */ = {isa = PBXFileReference; lastKnownFileType = text.plist.xml; path = Info.plist; sourceTree = "<group>"; };
/* End PBXFileReference section */

/* Begin PBXFrameworksBuildPhase section */
		7F8D15EC26971C360034594A /* Frameworks */ = {
			isa = PBXFrameworksBuildPhase;
			buildActionMask = 2147483647;
			files = (
			);
			runOnlyForDeploymentPostprocessing = 0;
		};
		7F8D160226971C370034594A /* Frameworks */ = {
			isa = PBXFrameworksBuildPhase;
			buildActionMask = 2147483647;
			files = (
			);
			runOnlyForDeploymentPostprocessing = 0;
		};
		7F8D160D26971C370034594A /* Frameworks */ = {
			isa = PBXFrameworksBuildPhase;
			buildActionMask = 2147483647;
			files = (
			);
			runOnlyForDeploymentPostprocessing = 0;
		};
/* End PBXFrameworksBuildPhase section */

/* Begin PBXGroup section */
		7F8D15E626971C360034594A = {
			isa = PBXGroup;
			children = (
				7F8D15F126971C360034594A /* testUIStackViewShadow */,
				7F8D160826971C370034594A /* testUIStackViewShadowTests */,
				7F8D161326971C370034594A /* testUIStackViewShadowUITests */,
				7F8D15F026971C360034594A /* Products */,
			);
			sourceTree = "<group>";
		};
		7F8D15F026971C360034594A /* Products */ = {
			isa = PBXGroup;
			children = (
				7F8D15EF26971C360034594A /* testUIStackViewShadow.app */,
				7F8D160526971C370034594A /* testUIStackViewShadowTests.xctest */,
				7F8D161026971C370034594A /* testUIStackViewShadowUITests.xctest */,
			);
			name = Products;
			sourceTree = "<group>";
		};
		7F8D15F126971C360034594A /* testUIStackViewShadow */ = {
			isa = PBXGroup;
			children = (
				7F8D15F226971C360034594A /* AppDelegate.swift */,
				7F8D15F426971C360034594A /* SceneDelegate.swift */,
				7F8D15F626971C360034594A /* ViewController.swift */,
				7F8D15F826971C360034594A /* Main.storyboard */,
				7F8D15FB26971C370034594A /* Assets.xcassets */,
				7F8D15FD26971C370034594A /* LaunchScreen.storyboard */,
				7F8D160026971C370034594A /* Info.plist */,
			);
			path = testUIStackViewShadow;
			sourceTree = "<group>";
		};
		7F8D160826971C370034594A /* testUIStackViewShadowTests */ = {
			isa = PBXGroup;
			children = (
				7F8D160926971C370034594A /* testUIStackViewShadowTests.swift */,
				7F8D160B26971C370034594A /* Info.plist */,
			);
			path = testUIStackViewShadowTests;
			sourceTree = "<group>";
		};
		7F8D161326971C370034594A /* testUIStackViewShadowUITests */ = {
			isa = PBXGroup;
			children = (
				7F8D161426971C370034594A /* testUIStackViewShadowUITests.swift */,
				7F8D161626971C370034594A /* Info.plist */,
			);
			path = testUIStackViewShadowUITests;
			sourceTree = "<group>";
		};
/* End PBXGroup section */

/* Begin PBXNativeTarget section */
		7F8D15EE26971C360034594A /* testUIStackViewShadow */ = {
			isa = PBXNativeTarget;
			buildConfigurationList = 7F8D161926971C370034594A /* Build configuration list for PBXNativeTarget "testUIStackViewShadow" */;
			buildPhases = (
				7F8D15EB26971C360034594A /* Sources */,
				7F8D15EC26971C360034594A /* Frameworks */,
				7F8D15ED26971C360034594A /* Resources */,
			);
			buildRules = (
			);
			dependencies = (
			);
			name = testUIStackViewShadow;
			productName = testUIStackViewShadow;
			productReference = 7F8D15EF26971C360034594A /* testUIStackViewShadow.app */;
			productType = "com.apple.product-type.application";
		};
		7F8D160426971C370034594A /* testUIStackViewShadowTests */ = {
			isa = PBXNativeTarget;
			buildConfigurationList = 7F8D161C26971C370034594A /* Build configuration list for PBXNativeTarget "testUIStackViewShadowTests" */;
			buildPhases = (
				7F8D160126971C370034594A /* Sources */,
				7F8D160226971C370034594A /* Frameworks */,
				7F8D160326971C370034594A /* Resources */,
			);
			buildRules = (
			);
			dependencies = (
				7F8D160726971C370034594A /* PBXTargetDependency */,
			);
			name = testUIStackViewShadowTests;
			productName = testUIStackViewShadowTests;
			productReference = 7F8D160526971C370034594A /* testUIStackViewShadowTests.xctest */;
			productType = "com.apple.product-type.bundle.unit-test";
		};
		7F8D160F26971C370034594A /* testUIStackViewShadowUITests */ = {
			isa = PBXNativeTarget;
			buildConfigurationList = 7F8D161F26971C370034594A /* Build configuration list for PBXNativeTarget "testUIStackViewShadowUITests" */;
			buildPhases = (
				7F8D160C26971C370034594A /* Sources */,
				7F8D160D26971C370034594A /* Frameworks */,
				7F8D160E26971C370034594A /* Resources */,
			);
			buildRules = (
			);
			dependencies = (
				7F8D161226971C370034594A /* PBXTargetDependency */,
			);
			name = testUIStackViewShadowUITests;
			productName = testUIStackViewShadowUITests;
			productReference = 7F8D161026971C370034594A /* testUIStackViewShadowUITests.xctest */;
			productType = "com.apple.product-type.bundle.ui-testing";
		};
/* End PBXNativeTarget section */

/* Begin PBXProject section */
		7F8D15E726971C360034594A /* Project object */ = {
			isa = PBXProject;
			attributes = {
				LastSwiftUpdateCheck = 1230;
				LastUpgradeCheck = 1230;
				TargetAttributes = {
					7F8D15EE26971C360034594A = {
						CreatedOnToolsVersion = 12.3;
					};
					7F8D160426971C370034594A = {
						CreatedOnToolsVersion = 12.3;
						TestTargetID = 7F8D15EE26971C360034594A;
					};
					7F8D160F26971C370034594A = {
						CreatedOnToolsVersion = 12.3;
						TestTargetID = 7F8D15EE26971C360034594A;
					};
				};
			};
			buildConfigurationList = 7F8D15EA26971C360034594A /* Build configuration list for PBXProject "testUIStackViewShadow" */;
			compatibilityVersion = "Xcode 9.3";
			developmentRegion = en;
			hasScannedForEncodings = 0;
			knownRegions = (
				en,
				Base,
			);
			mainGroup = 7F8D15E626971C360034594A;
			productRefGroup = 7F8D15F026971C360034594A /* Products */;
			projectDirPath = "";
			projectRoot = "";
			targets = (
				7F8D15EE26971C360034594A /* testUIStackViewShadow */,
				7F8D160426971C370034594A /* testUIStackViewShadowTests */,
				7F8D160F26971C370034594A /* testUIStackViewShadowUITests */,
			);
		};
/* End PBXProject section */

/* Begin PBXResourcesBuildPhase section */
		7F8D15ED26971C360034594A /* Resources */ = {
			isa = PBXResourcesBuildPhase;
			buildActionMask = 2147483647;
			files = (
				7F8D15FF26971C370034594A /* LaunchScreen.storyboard in Resources */,
				7F8D15FC26971C370034594A /* Assets.xcassets in Resources */,
				7F8D15FA26971C360034594A /* Main.storyboard in Resources */,
			);
			runOnlyForDeploymentPostprocessing = 0;
		};
		7F8D160326971C370034594A /* Resources */ = {
			isa = PBXResourcesBuildPhase;
			buildActionMask = 2147483647;
			files = (
			);
			runOnlyForDeploymentPostprocessing = 0;
		};
		7F8D160E26971C370034594A /* Resources */ = {
			isa = PBXResourcesBuildPhase;
			buildActionMask = 2147483647;
			files = (
			);
			runOnlyForDeploymentPostprocessing = 0;
		};
/* End PBXResourcesBuildPhase section */

/* Begin PBXSourcesBuildPhase section */
		7F8D15EB26971C360034594A /* Sources */ = {
			isa = PBXSourcesBuildPhase;
			buildActionMask = 2147483647;
			files = (
				7F8D15F726971C360034594A /* ViewController.swift in Sources */,
				7F8D15F326971C360034594A /* AppDelegate.swift in Sources */,
				7F8D15F526971C360034594A /* SceneDelegate.swift in Sources */,
			);
			runOnlyForDeploymentPostprocessing = 0;
		};
		7F8D160126971C370034594A /* Sources */ = {
			isa = PBXSourcesBuildPhase;
			buildActionMask = 2147483647;
			files = (
				7F8D160A26971C370034594A /* testUIStackViewShadowTests.swift in Sources */,
			);
			runOnlyForDeploymentPostprocessing = 0;
		};
		7F8D160C26971C370034594A /* Sources */ = {
			isa = PBXSourcesBuildPhase;
			buildActionMask = 2147483647;
			files = (
				7F8D161526971C370034594A /* testUIStackViewShadowUITests.swift in Sources */,
			);
			runOnlyForDeploymentPostprocessing = 0;
		};
/* End PBXSourcesBuildPhase section */

/* Begin PBXTargetDependency section */
		7F8D160726971C370034594A /* PBXTargetDependency */ = {
			isa = PBXTargetDependency;
			target = 7F8D15EE26971C360034594A /* testUIStackViewShadow */;
			targetProxy = 7F8D160626971C370034594A /* PBXContainerItemProxy */;
		};
		7F8D161226971C370034594A /* PBXTargetDependency */ = {
			isa = PBXTargetDependency;
			target = 7F8D15EE26971C360034594A /* testUIStackViewShadow */;
			targetProxy = 7F8D161126971C370034594A /* PBXContainerItemProxy */;
		};
/* End PBXTargetDependency section */

/* Begin PBXVariantGroup section */
		7F8D15F826971C360034594A /* Main.storyboard */ = {
			isa = PBXVariantGroup;
			children = (
				7F8D15F926971C360034594A /* Base */,
			);
			name = Main.storyboard;
			sourceTree = "<group>";
		};
		7F8D15FD26971C370034594A /* LaunchScreen.storyboard */ = {
			isa = PBXVariantGroup;
			children = (
				7F8D15FE26971C370034594A /* Base */,
			);
			name = LaunchScreen.storyboard;
			sourceTree = "<group>";
		};
/* End PBXVariantGroup section */

/* Begin XCBuildConfiguration section */
		7F8D161726971C370034594A /* Debug */ = {
			isa = XCBuildConfiguration;
			buildSettings = {
				ALWAYS_SEARCH_USER_PATHS = NO;
				CLANG_ANALYZER_NONNULL = YES;
				CLANG_ANALYZER_NUMBER_OBJECT_CONVERSION = YES_AGGRESSIVE;
				CLANG_CXX_LANGUAGE_STANDARD = "gnu++14";
				CLANG_CXX_LIBRARY = "libc++";
				CLANG_ENABLE_MODULES = YES;
				CLANG_ENABLE_OBJC_ARC = YES;
				CLANG_ENABLE_OBJC_WEAK = YES;
				CLANG_WARN_BLOCK_CAPTURE_AUTORELEASING = YES;
				CLANG_WARN_BOOL_CONVERSION = YES;
				CLANG_WARN_COMMA = YES;
				CLANG_WARN_CONSTANT_CONVERSION = YES;
				CLANG_WARN_DEPRECATED_OBJC_IMPLEMENTATIONS = YES;
				CLANG_WARN_DIRECT_OBJC_ISA_USAGE = YES_ERROR;
				CLANG_WARN_DOCUMENTATION_COMMENTS = YES;
				CLANG_WARN_EMPTY_BODY = YES;
				CLANG_WARN_ENUM_CONVERSION = YES;
				CLANG_WARN_INFINITE_RECURSION = YES;
				CLANG_WARN_INT_CONVERSION = YES;
				CLANG_WARN_NON_LITERAL_NULL_CONVERSION = YES;
				CLANG_WARN_OBJC_IMPLICIT_RETAIN_SELF = YES;
				CLANG_WARN_OBJC_LITERAL_CONVERSION = YES;
				CLANG_WARN_OBJC_ROOT_CLASS = YES_ERROR;
				CLANG_WARN_QUOTED_INCLUDE_IN_FRAMEWORK_HEADER = YES;
				CLANG_WARN_RANGE_LOOP_ANALYSIS = YES;
				CLANG_WARN_STRICT_PROTOTYPES = YES;
				CLANG_WARN_SUSPICIOUS_MOVE = YES;
				CLANG_WARN_UNGUARDED_AVAILABILITY = YES_AGGRESSIVE;
				CLANG_WARN_UNREACHABLE_CODE = YES;
				CLANG_WARN__DUPLICATE_METHOD_MATCH = YES;
				COPY_PHASE_STRIP = NO;
				DEBUG_INFORMATION_FORMAT = dwarf;
				ENABLE_STRICT_OBJC_MSGSEND = YES;
				ENABLE_TESTABILITY = YES;
				GCC_C_LANGUAGE_STANDARD = gnu11;
				GCC_DYNAMIC_NO_PIC = NO;
				GCC_NO_COMMON_BLOCKS = YES;
				GCC_OPTIMIZATION_LEVEL = 0;
				GCC_PREPROCESSOR_DEFINITIONS = (
					"DEBUG=1",
					"$(inherited)",
				);
				GCC_WARN_64_TO_32_BIT_CONVERSION = YES;
				GCC_WARN_ABOUT_RETURN_TYPE = YES_ERROR;
				GCC_WARN_UNDECLARED_SELECTOR = YES;
				GCC_WARN_UNINITIALIZED_AUTOS = YES_AGGRESSIVE;
				GCC_WARN_UNUSED_FUNCTION = YES;
				GCC_WARN_UNUSED_VARIABLE = YES;
				IPHONEOS_DEPLOYMENT_TARGET = 14.3;
				MTL_ENABLE_DEBUG_INFO = INCLUDE_SOURCE;
				MTL_FAST_MATH = YES;
				ONLY_ACTIVE_ARCH = YES;
				SDKROOT = iphoneos;
				SWIFT_ACTIVE_COMPILATION_CONDITIONS = DEBUG;
				SWIFT_OPTIMIZATION_LEVEL = "-Onone";
			};
			name = Debug;
		};
		7F8D161826971C370034594A /* Release */ = {
			isa = XCBuildConfiguration;
			buildSettings = {
				ALWAYS_SEARCH_USER_PATHS = NO;
				CLANG_ANALYZER_NONNULL = YES;
				CLANG_ANALYZER_NUMBER_OBJECT_CONVERSION = YES_AGGRESSIVE;
				CLANG_CXX_LANGUAGE_STANDARD = "gnu++14";
				CLANG_CXX_LIBRARY = "libc++";
				CLANG_ENABLE_MODULES = YES;
				CLANG_ENABLE_OBJC_ARC = YES;
				CLANG_ENABLE_OBJC_WEAK = YES;
				CLANG_WARN_BLOCK_CAPTURE_AUTORELEASING = YES;
				CLANG_WARN_BOOL_CONVERSION = YES;
				CLANG_WARN_COMMA = YES;
				CLANG_WARN_CONSTANT_CONVERSION = YES;
				CLANG_WARN_DEPRECATED_OBJC_IMPLEMENTATIONS = YES;
				CLANG_WARN_DIRECT_OBJC_ISA_USAGE = YES_ERROR;
				CLANG_WARN_DOCUMENTATION_COMMENTS = YES;
				CLANG_WARN_EMPTY_BODY = YES;
				CLANG_WARN_ENUM_CONVERSION = YES;
				CLANG_WARN_INFINITE_RECURSION = YES;
				CLANG_WARN_INT_CONVERSION = YES;
				CLANG_WARN_NON_LITERAL_NULL_CONVERSION = YES;
				CLANG_WARN_OBJC_IMPLICIT_RETAIN_SELF = YES;
				CLANG_WARN_OBJC_LITERAL_CONVERSION = YES;
				CLANG_WARN_OBJC_ROOT_CLASS = YES_ERROR;
				CLANG_WARN_QUOTED_INCLUDE_IN_FRAMEWORK_HEADER = YES;
				CLANG_WARN_RANGE_LOOP_ANALYSIS = YES;
				CLANG_WARN_STRICT_PROTOTYPES = YES;
				CLANG_WARN_SUSPICIOUS_MOVE = YES;
				CLANG_WARN_UNGUARDED_AVAILABILITY = YES_AGGRESSIVE;
				CLANG_WARN_UNREACHABLE_CODE = YES;
				CLANG_WARN__DUPLICATE_METHOD_MATCH = YES;
				COPY_PHASE_STRIP = NO;
				DEBUG_INFORMATION_FORMAT = "dwarf-with-dsym";
				ENABLE_NS_ASSERTIONS = NO;
				ENABLE_STRICT_OBJC_MSGSEND = YES;
				GCC_C_LANGUAGE_STANDARD = gnu11;
				GCC_NO_COMMON_BLOCKS = YES;
				GCC_WARN_64_TO_32_BIT_CONVERSION = YES;
				GCC_WARN_ABOUT_RETURN_TYPE = YES_ERROR;
				GCC_WARN_UNDECLARED_SELECTOR = YES;
				GCC_WARN_UNINITIALIZED_AUTOS = YES_AGGRESSIVE;
				GCC_WARN_UNUSED_FUNCTION = YES;
				GCC_WARN_UNUSED_VARIABLE = YES;
				IPHONEOS_DEPLOYMENT_TARGET = 14.3;
				MTL_ENABLE_DEBUG_INFO = NO;
				MTL_FAST_MATH = YES;
				SDKROOT = iphoneos;
				SWIFT_COMPILATION_MODE = wholemodule;
				SWIFT_OPTIMIZATION_LEVEL = "-O";
				VALIDATE_PRODUCT = YES;
			};
			name = Release;
		};
		7F8D161A26971C370034594A /* Debug */ = {
			isa = XCBuildConfiguration;
			buildSettings = {
				ASSETCATALOG_COMPILER_APPICON_NAME = AppIcon;
				ASSETCATALOG_COMPILER_GLOBAL_ACCENT_COLOR_NAME = AccentColor;
				CODE_SIGN_STYLE = Automatic;
				DEVELOPMENT_TEAM = LA47TSWSCN;
				INFOPLIST_FILE = testUIStackViewShadow/Info.plist;
				LD_RUNPATH_SEARCH_PATHS = (
					"$(inherited)",
					"@executable_path/Frameworks",
				);
				PRODUCT_BUNDLE_IDENTIFIER = yuki.osu.testUIStackViewShadow;
				PRODUCT_NAME = "$(TARGET_NAME)";
				SWIFT_VERSION = 5.0;
				TARGETED_DEVICE_FAMILY = "1,2";
			};
			name = Debug;
		};
		7F8D161B26971C370034594A /* Release */ = {
			isa = XCBuildConfiguration;
			buildSettings = {
				ASSETCATALOG_COMPILER_APPICON_NAME = AppIcon;
				ASSETCATALOG_COMPILER_GLOBAL_ACCENT_COLOR_NAME = AccentColor;
				CODE_SIGN_STYLE = Automatic;
				DEVELOPMENT_TEAM = LA47TSWSCN;
				INFOPLIST_FILE = testUIStackViewShadow/Info.plist;
				LD_RUNPATH_SEARCH_PATHS = (
					"$(inherited)",
					"@executable_path/Frameworks",
				);
				PRODUCT_BUNDLE_IDENTIFIER = yuki.osu.testUIStackViewShadow;
				PRODUCT_NAME = "$(TARGET_NAME)";
				SWIFT_VERSION = 5.0;
				TARGETED_DEVICE_FAMILY = "1,2";
			};
			name = Release;
		};
		7F8D161D26971C370034594A /* Debug */ = {
			isa = XCBuildConfiguration;
			buildSettings = {
				ALWAYS_EMBED_SWIFT_STANDARD_LIBRARIES = YES;
				BUNDLE_LOADER = "$(TEST_HOST)";
				CODE_SIGN_STYLE = Automatic;
				DEVELOPMENT_TEAM = LA47TSWSCN;
				INFOPLIST_FILE = testUIStackViewShadowTests/Info.plist;
				IPHONEOS_DEPLOYMENT_TARGET = 14.3;
				LD_RUNPATH_SEARCH_PATHS = (
					"$(inherited)",
					"@executable_path/Frameworks",
					"@loader_path/Frameworks",
				);
				PRODUCT_BUNDLE_IDENTIFIER = yuki.osu.testUIStackViewShadowTests;
				PRODUCT_NAME = "$(TARGET_NAME)";
				SWIFT_VERSION = 5.0;
				TARGETED_DEVICE_FAMILY = "1,2";
				TEST_HOST = "$(BUILT_PRODUCTS_DIR)/testUIStackViewShadow.app/testUIStackViewShadow";
			};
			name = Debug;
		};
		7F8D161E26971C370034594A /* Release */ = {
			isa = XCBuildConfiguration;
			buildSettings = {
				ALWAYS_EMBED_SWIFT_STANDARD_LIBRARIES = YES;
				BUNDLE_LOADER = "$(TEST_HOST)";
				CODE_SIGN_STYLE = Automatic;
				DEVELOPMENT_TEAM = LA47TSWSCN;
				INFOPLIST_FILE = testUIStackViewShadowTests/Info.plist;
				IPHONEOS_DEPLOYMENT_TARGET = 14.3;
				LD_RUNPATH_SEARCH_PATHS = (
					"$(inherited)",
					"@executable_path/Frameworks",
					"@loader_path/Frameworks",
				);
				PRODUCT_BUNDLE_IDENTIFIER = yuki.osu.testUIStackViewShadowTests;
				PRODUCT_NAME = "$(TARGET_NAME)";
				SWIFT_VERSION = 5.0;
				TARGETED_DEVICE_FAMILY = "1,2";
				TEST_HOST = "$(BUILT_PRODUCTS_DIR)/testUIStackViewShadow.app/testUIStackViewShadow";
			};
			name = Release;
		};
		7F8D162026971C370034594A /* Debug */ = {
			isa = XCBuildConfiguration;
			buildSettings = {
				ALWAYS_EMBED_SWIFT_STANDARD_LIBRARIES = YES;
				CODE_SIGN_STYLE = Automatic;
				DEVELOPMENT_TEAM = LA47TSWSCN;
				INFOPLIST_FILE = testUIStackViewShadowUITests/Info.plist;
				LD_RUNPATH_SEARCH_PATHS = (
					"$(inherited)",
					"@executable_path/Frameworks",
					"@loader_path/Frameworks",
				);
				PRODUCT_BUNDLE_IDENTIFIER = yuki.osu.testUIStackViewShadowUITests;
				PRODUCT_NAME = "$(TARGET_NAME)";
				SWIFT_VERSION = 5.0;
				TARGETED_DEVICE_FAMILY = "1,2";
				TEST_TARGET_NAME = testUIStackViewShadow;
			};
			name = Debug;
		};
		7F8D162126971C370034594A /* Release */ = {
			isa = XCBuildConfiguration;
			buildSettings = {
				ALWAYS_EMBED_SWIFT_STANDARD_LIBRARIES = YES;
				CODE_SIGN_STYLE = Automatic;
				DEVELOPMENT_TEAM = LA47TSWSCN;
				INFOPLIST_FILE = testUIStackViewShadowUITests/Info.plist;
				LD_RUNPATH_SEARCH_PATHS = (
					"$(inherited)",
					"@executable_path/Frameworks",
					"@loader_path/Frameworks",
				);
				PRODUCT_BUNDLE_IDENTIFIER = yuki.osu.testUIStackViewShadowUITests;
				PRODUCT_NAME = "$(TARGET_NAME)";
				SWIFT_VERSION = 5.0;
				TARGETED_DEVICE_FAMILY = "1,2";
				TEST_TARGET_NAME = testUIStackViewShadow;
			};
			name = Release;
		};
/* End XCBuildConfiguration section */

/* Begin XCConfigurationList section */
		7F8D15EA26971C360034594A /* Build configuration list for PBXProject "testUIStackViewShadow" */ = {
			isa = XCConfigurationList;
			buildConfigurations = (
				7F8D161726971C370034594A /* Debug */,
				7F8D161826971C370034594A /* Release */,
			);
			defaultConfigurationIsVisible = 0;
			defaultConfigurationName = Release;
		};
		7F8D161926971C370034594A /* Build configuration list for PBXNativeTarget "testUIStackViewShadow" */ = {
			isa = XCConfigurationList;
			buildConfigurations = (
				7F8D161A26971C370034594A /* Debug */,
				7F8D161B26971C370034594A /* Release */,
			);
			defaultConfigurationIsVisible = 0;
			defaultConfigurationName = Release;
		};
		7F8D161C26971C370034594A /* Build configuration list for PBXNativeTarget "testUIStackViewShadowTests" */ = {
			isa = XCConfigurationList;
			buildConfigurations = (
				7F8D161D26971C370034594A /* Debug */,
				7F8D161E26971C370034594A /* Release */,
			);
			defaultConfigurationIsVisible = 0;
			defaultConfigurationName = Release;
		};
		7F8D161F26971C370034594A /* Build configuration list for PBXNativeTarget "testUIStackViewShadowUITests" */ = {
			isa = XCConfigurationList;
			buildConfigurations = (
				7F8D162026971C370034594A /* Debug */,
				7F8D162126971C370034594A /* Release */,
			);
			defaultConfigurationIsVisible = 0;
			defaultConfigurationName = Release;
		};
/* End XCConfigurationList section */
	};
	rootObject = 7F8D15E726971C360034594A /* Project object */;
}
